PODS:
  - FBSnapshotTestCase (2.1.4):
    - FBSnapshotTestCase/SwiftSupport (= 2.1.4)
  - FBSnapshotTestCase/Core (2.1.4)
  - FBSnapshotTestCase/SwiftSupport (2.1.4):
    - FBSnapshotTestCase/Core
  - SlidingTutorial (0.9.0)

DEPENDENCIES:
  - FBSnapshotTestCase
  - SlidingTutorial (from `../`)

EXTERNAL SOURCES:
  SlidingTutorial:
    :path: ../

SPEC CHECKSUMS:
  FBSnapshotTestCase: 094f9f314decbabe373b87cc339bea235a63e07a
  SlidingTutorial: f9096d8354fbcc8fb1d1a8f786ef435a612d603e

PODFILE CHECKSUM: 73665f9ec6be82390238ef8b0f9d3ba2f60cbb13

COCOAPODS: 1.0.1
